Microsoft Visual Studio Solution File, Format Version 12.00
# Visual Studio Version 17
VisualStudioVersion = 17.7.34031.279
MinimumVisualStudioVersion = 10.0.40219.1
Project("{F184B08F-C81C-45F6-A57F-5ABD9991F28F}") = "Econ.NetVert", "Library\Econ.NetVert.vbproj", "{7C919224-05D2-42D3-81A3-8EA08D9EA356}"
EndProject
Project("{F184B08F-C81C-45F6-A57F-5ABD9991F28F}") = "EconNetVertGUI", "GuiTool\EconNetVertGUI.vbproj", "{AE6B996F-60A0-4F29-818C-DDA86DBA1FC4}"
	ProjectSection(ProjectDependencies) = postProject
		{7C919224-05D2-42D3-81A3-8EA08D9EA356} = {7C919224-05D2-42D3-81A3-8EA08D9EA356}
	EndProjectSection
EndProject
Project("{F184B08F-C81C-45F6-A57F-5ABD9991F28F}") = "EconNetVertCmdLine", "CmdLineTool\EconNetVertCmdLine.vbproj", "{DDA21079-8175-4EDC-9E73-EC056551AF50}"
	ProjectSection(ProjectDependencies) = postProject
		{7C919224-05D2-42D3-81A3-8EA08D9EA356} = {7C919224-05D2-42D3-81A3-8EA08D9EA356}
	EndProjectSection
EndProject
Project("{54435603-DBB4-11D2-8724-00A0C9A8B90C}") = "Installer", "Installer\Installer.vdproj", "{58A7A6CB-003F-4C32-8A04-ABA600B256AB}"
	ProjectSection(ProjectDependencies) = postProject
		{7C919224-05D2-42D3-81A3-8EA08D9EA356} = {7C919224-05D2-42D3-81A3-8EA08D9EA356}
		{AE6B996F-60A0-4F29-818C-DDA86DBA1FC4} = {AE6B996F-60A0-4F29-818C-DDA86DBA1FC4}
	EndProjectSection
EndProject
Project("{FAE04EC0-301F-11D3-BF4B-00C04F79EFBC}") = "NRefactory", "NRefactory\Project\NRefactory.csproj", "{3A9AE6AA-BC07-4A2F-972C-581E3AE2F195}"
EndProject
Global
	GlobalSection(SolutionConfigurationPlatforms) = preSolution
		Debug|Any CPU = Debug|Any CPU
		Release|Any CPU = Release|Any CPU
	EndGlobalSection
	GlobalSection(ProjectConfigurationPlatforms) = postSolution
		{7C919224-05D2-42D3-81A3-8EA08D9EA356}.Debug|Any CPU.ActiveCfg = Debug|Any CPU
		{7C919224-05D2-42D3-81A3-8EA08D9EA356}.Debug|Any CPU.Build.0 = Debug|Any CPU
		{7C919224-05D2-42D3-81A3-8EA08D9EA356}.Release|Any CPU.ActiveCfg = Release|Any CPU
		{7C919224-05D2-42D3-81A3-8EA08D9EA356}.Release|Any CPU.Build.0 = Release|Any CPU
		{AE6B996F-60A0-4F29-818C-DDA86DBA1FC4}.Debug|Any CPU.ActiveCfg = Debug|Any CPU
		{AE6B996F-60A0-4F29-818C-DDA86DBA1FC4}.Debug|Any CPU.Build.0 = Debug|Any CPU
		{AE6B996F-60A0-4F29-818C-DDA86DBA1FC4}.Release|Any CPU.ActiveCfg = Release|Any CPU
		{AE6B996F-60A0-4F29-818C-DDA86DBA1FC4}.Release|Any CPU.Build.0 = Release|Any CPU
		{DDA21079-8175-4EDC-9E73-EC056551AF50}.Debug|Any CPU.ActiveCfg = Debug|Any CPU
		{DDA21079-8175-4EDC-9E73-EC056551AF50}.Debug|Any CPU.Build.0 = Debug|Any CPU
		{DDA21079-8175-4EDC-9E73-EC056551AF50}.Release|Any CPU.ActiveCfg = Release|Any CPU
		{DDA21079-8175-4EDC-9E73-EC056551AF50}.Release|Any CPU.Build.0 = Release|Any CPU
		{58A7A6CB-003F-4C32-8A04-ABA600B256AB}.Debug|Any CPU.ActiveCfg = Debug
		{58A7A6CB-003F-4C32-8A04-ABA600B256AB}.Release|Any CPU.ActiveCfg = Release
		{3A9AE6AA-BC07-4A2F-972C-581E3AE2F195}.Debug|Any CPU.ActiveCfg = Debug|Any CPU
		{3A9AE6AA-BC07-4A2F-972C-581E3AE2F195}.Debug|Any CPU.Build.0 = Debug|Any CPU
		{3A9AE6AA-BC07-4A2F-972C-581E3AE2F195}.Release|Any CPU.ActiveCfg = Release|Any CPU
		{3A9AE6AA-BC07-4A2F-972C-581E3AE2F195}.Release|Any CPU.Build.0 = Release|Any CPU
	EndGlobalSection
	GlobalSection(SolutionProperties) = preSolution
		HideSolutionNode = FALSE
	EndGlobalSection
	GlobalSection(ExtensibilityGlobals) = postSolution
		SolutionGuid = {075D0DB6-8387-48C9-B4B0-66DAF7373B07}
	EndGlobalSection
EndGlobal
